<?xml version="1.0" encoding="utf-8"?>
<Project ToolsVersion="4.0" xmlns="http://schemas.microsoft.com/developer/msbuild/2003">
  <ItemGroup>
    <Filter Include="Shellcode_Dumper">
      <UniqueIdentifier>{4FC737F1-C7A5-4376-A066-2A32D752A2FF}</UniqueIdentifier>
      <Extensions>cpp;c;cc;cxx;c++;cppm;ixx;def;odl;idl;hpj;bat;asm;asmx</Extensions>
    </Filter>
    <Filter Include="Shellcode_Dumper\utils">
      <UniqueIdentifier>{95705bc3-0e3c-4abe-802b-0fa2bb812b95}</UniqueIdentifier>
    </Filter>
  </ItemGroup>
  <ItemGroup>
    <ClCompile Include="main.cpp">
      <Filter>Shellcode_Dumper</Filter>
    </ClCompile>
    <ClCompile Include="utils.cpp">
      <Filter>Shellcode_Dumper\utils</Filter>
    </ClCompile>
  </ItemGroup>
  <ItemGroup>
    <ClInclude Include="utils.h">
      <Filter>Shellcode_Dumper\utils</Filter>
    </ClInclude>
  </ItemGroup>
</Project>